// !$*UTF8*$!
{
	archiveVersion = 1;
	classes = {
	};
	objectVersion = 56;
	objects = {

/* Begin PBXBuildFile section */
		C0AC0B272908A896008D5D1F /* AppDelegate.swift in Sources */ = {isa = PBXBuildFile; fileRef = C0AC0B262908A896008D5D1F /* AppDelegate.swift */; };
		C0AC0B2B2908A896008D5D1F /* ViewController.swift in Sources */ = {isa = PBXBuildFile; fileRef = C0AC0B2A2908A896008D5D1F /* ViewController.swift */; };
		C0AC0B2E2908A896008D5D1F /* Main.storyboard in Resources */ = {isa = PBXBuildFile; fileRef = C0AC0B2C2908A896008D5D1F /* Main.storyboard */; };
		C0AC0B302908A897008D5D1F /* Assets.xcassets in Resources */ = {isa = PBXBuildFile; fileRef = C0AC0B2F2908A897008D5D1F /* Assets.xcassets */; };
		C0AC0B332908A897008D5D1F /* LaunchScreen.storyboard in Resources */ = {isa = PBXBuildFile; fileRef = C0AC0B312908A897008D5D1F /* LaunchScreen.storyboard */; };
		C0AC0B3E2908A897008D5D1F /* CriptoCesarAppTests.swift in Sources */ = {isa = PBXBuildFile; fileRef = C0AC0B3D2908A897008D5D1F /* CriptoCesarAppTests.swift */; };
		C0AC0B482908A897008D5D1F /* CriptoCesarAppUITests.swift in Sources */ = {isa = PBXBuildFile; fileRef = C0AC0B472908A897008D5D1F /* CriptoCesarAppUITests.swift */; };
		C0AC0B4A2908A897008D5D1F /* CriptoCesarAppUITestsLaunchTests.swift in Sources */ = {isa = PBXBuildFile; fileRef = C0AC0B492908A897008D5D1F /* CriptoCesarAppUITestsLaunchTests.swift */; };
		C0AC0B7D2908A8EC008D5D1F /* EFButton.swift in Sources */ = {isa = PBXBuildFile; fileRef = C0AC0B642908A8EC008D5D1F /* EFButton.swift */; };
		C0AC0B7E2908A8EC008D5D1F /* EFTextField.swift in Sources */ = {isa = PBXBuildFile; fileRef = C0AC0B652908A8EC008D5D1F /* EFTextField.swift */; };
		C0AC0B7F2908A8EC008D5D1F /* String+Ext.swift in Sources */ = {isa = PBXBuildFile; fileRef = C0AC0B662908A8EC008D5D1F /* String+Ext.swift */; };
		C0AC0B812908A8EC008D5D1F /* CoordinatorConfiguration.swift in Sources */ = {isa = PBXBuildFile; fileRef = C0AC0B6A2908A8EC008D5D1F /* CoordinatorConfiguration.swift */; };
		C0AC0B822908A8EC008D5D1F /* CoordinatedViewController.swift in Sources */ = {isa = PBXBuildFile; fileRef = C0AC0B6B2908A8EC008D5D1F /* CoordinatedViewController.swift */; };
		C0AC0B832908A8EC008D5D1F /* BaseCoordinator.swift in Sources */ = {isa = PBXBuildFile; fileRef = C0AC0B6C2908A8EC008D5D1F /* BaseCoordinator.swift */; };
		C0AC0B842908A8EC008D5D1F /* Coordinator.swift in Sources */ = {isa = PBXBuildFile; fileRef = C0AC0B6D2908A8EC008D5D1F /* Coordinator.swift */; };
		C0AC0B852908A8EC008D5D1F /* ViewCodeContract.swift in Sources */ = {isa = PBXBuildFile; fileRef = C0AC0B6F2908A8EC008D5D1F /* ViewCodeContract.swift */; };
		C0AC0B862908A8EC008D5D1F /* UIView+SafeAreaAnchors.swift in Sources */ = {isa = PBXBuildFile; fileRef = C0AC0B702908A8EC008D5D1F /* UIView+SafeAreaAnchors.swift */; };
		C0AC0B872908A8EC008D5D1F /* NSLayoutDimension+Extension.swift in Sources */ = {isa = PBXBuildFile; fileRef = C0AC0B712908A8EC008D5D1F /* NSLayoutDimension+Extension.swift */; };
		C0AC0B882908A8EC008D5D1F /* AutoLayoutOption.swift in Sources */ = {isa = PBXBuildFile; fileRef = C0AC0B722908A8EC008D5D1F /* AutoLayoutOption.swift */; };
		C0AC0B892908A8EC008D5D1F /* UIView+LayoutGuides.swift in Sources */ = {isa = PBXBuildFile; fileRef = C0AC0B732908A8EC008D5D1F /* UIView+LayoutGuides.swift */; };
		C0AC0B8A2908A8EC008D5D1F /* Padding.swift in Sources */ = {isa = PBXBuildFile; fileRef = C0AC0B742908A8EC008D5D1F /* Padding.swift */; };
		C0AC0B8B2908A8EC008D5D1F /* UIView+RawAnchors.swift in Sources */ = {isa = PBXBuildFile; fileRef = C0AC0B752908A8EC008D5D1F /* UIView+RawAnchors.swift */; };
		C0AC0B8C2908A8EC008D5D1F /* ActionTypealias.swift in Sources */ = {isa = PBXBuildFile; fileRef = C0AC0B762908A8EC008D5D1F /* ActionTypealias.swift */; };
		C0AC0B8D2908A8EC008D5D1F /* UIView+AxisAttribute.swift in Sources */ = {isa = PBXBuildFile; fileRef = C0AC0B772908A8EC008D5D1F /* UIView+AxisAttribute.swift */; };
		C0AC0B8E2908A8EC008D5D1F /* CascadeOperator.swift in Sources */ = {isa = PBXBuildFile; fileRef = C0AC0B782908A8EC008D5D1F /* CascadeOperator.swift */; };
		C0AC0B8F2908A8EC008D5D1F /* TextField+Ext.swift in Sources */ = {isa = PBXBuildFile; fileRef = C0AC0B792908A8EC008D5D1F /* TextField+Ext.swift */; };
		C0AC0B902908A8EC008D5D1F /* SceneDelegate.swift in Sources */ = {isa = PBXBuildFile; fileRef = C0AC0B7A2908A8EC008D5D1F /* SceneDelegate.swift */; };
/* End PBXBuildFile section */

/* Begin PBXContainerItemProxy section */
		C0AC0B3A2908A897008D5D1F /* PBXContainerItemProxy */ = {
			isa = PBXContainerItemProxy;
			containerPortal = C0AC0B1B2908A896008D5D1F /* Project object */;
			proxyType = 1;
			remoteGlobalIDString = C0AC0B222908A896008D5D1F;
			remoteInfo = CriptoCesarApp;
		};
		C0AC0B442908A897008D5D1F /* PBXContainerItemProxy */ = {
			isa = PBXContainerItemProxy;
			containerPortal = C0AC0B1B2908A896008D5D1F /* Project object */;
			proxyType = 1;
			remoteGlobalIDString = C0AC0B222908A896008D5D1F;
			remoteInfo = CriptoCesarApp;
		};
/* End PBXContainerItemProxy section */

/* Begin PBXFileReference section */
		C0AC0B232908A896008D5D1F /* CriptoCesarApp.app */ = {isa = PBXFileReference; explicitFileType = wrapper.application; includeInIndex = 0; path = CriptoCesarApp.app; sourceTree = BUILT_PRODUCTS_DIR; };
		C0AC0B262908A896008D5D1F /* AppDelegate.swift */ = {isa = PBXFileReference; lastKnownFileType = sourcecode.swift; path = AppDelegate.swift; sourceTree = "<group>"; };
		C0AC0B2A2908A896008D5D1F /* ViewController.swift */ = {isa = PBXFileReference; lastKnownFileType = sourcecode.swift; path = ViewController.swift; sourceTree = "<group>"; };
		C0AC0B2D2908A896008D5D1F /* Base */ = {isa = PBXFileReference; lastKnownFileType = file.storyboard; name = Base; path = Base.lproj/Main.storyboard; sourceTree = "<group>"; };
		C0AC0B2F2908A897008D5D1F /* Assets.xcassets */ = {isa = PBXFileReference; lastKnownFileType = folder.assetcatalog; path = Assets.xcassets; sourceTree = "<group>"; };
		C0AC0B322908A897008D5D1F /* Base */ = {isa = PBXFileReference; lastKnownFileType = file.storyboard; name = Base; path = Base.lproj/LaunchScreen.storyboard; sourceTree = "<group>"; };
		C0AC0B342908A897008D5D1F /* Info.plist */ = {isa = PBXFileReference; lastKnownFileType = text.plist.xml; path = Info.plist; sourceTree = "<group>"; };
		C0AC0B392908A897008D5D1F /* CriptoCesarAppTests.xctest */ = {isa = PBXFileReference; explicitFileType = wrapper.cfbundle; includeInIndex = 0; path = CriptoCesarAppTests.xctest; sourceTree = BUILT_PRODUCTS_DIR; };
		C0AC0B3D2908A897008D5D1F /* CriptoCesarAppTests.swift */ = {isa = PBXFileReference; lastKnownFileType = sourcecode.swift; path = CriptoCesarAppTests.swift; sourceTree = "<group>"; };
		C0AC0B432908A897008D5D1F /* CriptoCesarAppUITests.xctest */ = {isa = PBXFileReference; explicitFileType = wrapper.cfbundle; includeInIndex = 0; path = CriptoCesarAppUITests.xctest; sourceTree = BUILT_PRODUCTS_DIR; };
		C0AC0B472908A897008D5D1F /* CriptoCesarAppUITests.swift */ = {isa = PBXFileReference; lastKnownFileType = sourcecode.swift; path = CriptoCesarAppUITests.swift; sourceTree = "<group>"; };
		C0AC0B492908A897008D5D1F /* CriptoCesarAppUITestsLaunchTests.swift */ = {isa = PBXFileReference; lastKnownFileType = sourcecode.swift; path = CriptoCesarAppUITestsLaunchTests.swift; sourceTree = "<group>"; };
		C0AC0B642908A8EC008D5D1F /* EFButton.swift */ = {isa = PBXFileReference; fileEncoding = 4; lastKnownFileType = sourcecode.swift; path = EFButton.swift; sourceTree = "<group>"; };
		C0AC0B652908A8EC008D5D1F /* EFTextField.swift */ = {isa = PBXFileReference; fileEncoding = 4; lastKnownFileType = sourcecode.swift; path = EFTextField.swift; sourceTree = "<group>"; };
		C0AC0B662908A8EC008D5D1F /* String+Ext.swift */ = {isa = PBXFileReference; fileEncoding = 4; lastKnownFileType = sourcecode.swift; path = "String+Ext.swift"; sourceTree = "<group>"; };
		C0AC0B6A2908A8EC008D5D1F /* CoordinatorConfiguration.swift */ = {isa = PBXFileReference; fileEncoding = 4; lastKnownFileType = sourcecode.swift; path = CoordinatorConfiguration.swift; sourceTree = "<group>"; };
		C0AC0B6B2908A8EC008D5D1F /* CoordinatedViewController.swift */ = {isa = PBXFileReference; fileEncoding = 4; lastKnownFileType = sourcecode.swift; path = CoordinatedViewController.swift; sourceTree = "<group>"; };
		C0AC0B6C2908A8EC008D5D1F /* BaseCoordinator.swift */ = {isa = PBXFileReference; fileEncoding = 4; lastKnownFileType = sourcecode.swift; path = BaseCoordinator.swift; sourceTree = "<group>"; };
		C0AC0B6D2908A8EC008D5D1F /* Coordinator.swift */ = {isa = PBXFileReference; fileEncoding = 4; lastKnownFileType = sourcecode.swift; path = Coordinator.swift; sourceTree = "<group>"; };
		C0AC0B6F2908A8EC008D5D1F /* ViewCodeContract.swift */ = {isa = PBXFileReference; fileEncoding = 4; lastKnownFileType = sourcecode.swift; path = ViewCodeContract.swift; sourceTree = "<group>"; };
		C0AC0B702908A8EC008D5D1F /* UIView+SafeAreaAnchors.swift */ = {isa = PBXFileReference; fileEncoding = 4; lastKnownFileType = sourcecode.swift; path = "UIView+SafeAreaAnchors.swift"; sourceTree = "<group>"; };
		C0AC0B712908A8EC008D5D1F /* NSLayoutDimension+Extension.swift */ = {isa = PBXFileReference; fileEncoding = 4; lastKnownFileType = sourcecode.swift; path = "NSLayoutDimension+Extension.swift"; sourceTree = "<group>"; };
		C0AC0B722908A8EC008D5D1F /* AutoLayoutOption.swift */ = {isa = PBXFileReference; fileEncoding = 4; lastKnownFileType = sourcecode.swift; path = AutoLayoutOption.swift; sourceTree = "<group>"; };
		C0AC0B732908A8EC008D5D1F /* UIView+LayoutGuides.swift */ = {isa = PBXFileReference; fileEncoding = 4; lastKnownFileType = sourcecode.swift; path = "UIView+LayoutGuides.swift"; sourceTree = "<group>"; };
		C0AC0B742908A8EC008D5D1F /* Padding.swift */ = {isa = PBXFileReference; fileEncoding = 4; lastKnownFileType = sourcecode.swift; path = Padding.swift; sourceTree = "<group>"; };
		C0AC0B752908A8EC008D5D1F /* UIView+RawAnchors.swift */ = {isa = PBXFileReference; fileEncoding = 4; lastKnownFileType = sourcecode.swift; path = "UIView+RawAnchors.swift"; sourceTree = "<group>"; };
		C0AC0B762908A8EC008D5D1F /* ActionTypealias.swift */ = {isa = PBXFileReference; fileEncoding = 4; lastKnownFileType = sourcecode.swift; path = ActionTypealias.swift; sourceTree = "<group>"; };
		C0AC0B772908A8EC008D5D1F /* UIView+AxisAttribute.swift */ = {isa = PBXFileReference; fileEncoding = 4; lastKnownFileType = sourcecode.swift; path = "UIView+AxisAttribute.swift"; sourceTree = "<group>"; };
		C0AC0B782908A8EC008D5D1F /* CascadeOperator.swift */ = {isa = PBXFileReference; fileEncoding = 4; lastKnownFileType = sourcecode.swift; path = CascadeOperator.swift; sourceTree = "<group>"; };
		C0AC0B792908A8EC008D5D1F /* TextField+Ext.swift */ = {isa = PBXFileReference; fileEncoding = 4; lastKnownFileType = sourcecode.swift; path = "TextField+Ext.swift"; sourceTree = "<group>"; };
		C0AC0B7A2908A8EC008D5D1F /* SceneDelegate.swift */ = {isa = PBXFileReference; fileEncoding = 4; lastKnownFileType = sourcecode.swift; path = SceneDelegate.swift; sourceTree = "<group>"; };
/* End PBXFileReference section */

/* Begin PBXFrameworksBuildPhase section */
		C0AC0B202908A896008D5D1F /* Frameworks */ = {
			isa = PBXFrameworksBuildPhase;
			buildActionMask = 2147483647;
			files = (
			);
			runOnlyForDeploymentPostprocessing = 0;
		};
		C0AC0B362908A897008D5D1F /* Frameworks */ = {
			isa = PBXFrameworksBuildPhase;
			buildActionMask = 2147483647;
			files = (
			);
			runOnlyForDeploymentPostprocessing = 0;
		};
		C0AC0B402908A897008D5D1F /* Frameworks */ = {
			isa = PBXFrameworksBuildPhase;
			buildActionMask = 2147483647;
			files = (
			);
			runOnlyForDeploymentPostprocessing = 0;
		};
/* End PBXFrameworksBuildPhase section */

/* Begin PBXGroup section */
		C0AC0B1A2908A896008D5D1F = {
			isa = PBXGroup;
			children = (
				C0AC0B252908A896008D5D1F /* CriptoCesarApp */,
				C0AC0B3C2908A897008D5D1F /* CriptoCesarAppTests */,
				C0AC0B462908A897008D5D1F /* CriptoCesarAppUITests */,
				C0AC0B242908A896008D5D1F /* Products */,
			);
			sourceTree = "<group>";
		};
		C0AC0B242908A896008D5D1F /* Products */ = {
			isa = PBXGroup;
			children = (
				C0AC0B232908A896008D5D1F /* CriptoCesarApp.app */,
				C0AC0B392908A897008D5D1F /* CriptoCesarAppTests.xctest */,
				C0AC0B432908A897008D5D1F /* CriptoCesarAppUITests.xctest */,
			);
			name = Products;
			sourceTree = "<group>";
		};
		C0AC0B252908A896008D5D1F /* CriptoCesarApp */ = {
			isa = PBXGroup;
			children = (
				C0AC0B5F2908A8EC008D5D1F /* Resources */,
				C0AC0B2A2908A896008D5D1F /* ViewController.swift */,
				C0AC0B2C2908A896008D5D1F /* Main.storyboard */,
				C0AC0B2F2908A897008D5D1F /* Assets.xcassets */,
				C0AC0B312908A897008D5D1F /* LaunchScreen.storyboard */,
				C0AC0B342908A897008D5D1F /* Info.plist */,
			);
			path = CriptoCesarApp;
			sourceTree = "<group>";
		};
		C0AC0B3C2908A897008D5D1F /* CriptoCesarAppTests */ = {
			isa = PBXGroup;
			children = (
				C0AC0B3D2908A897008D5D1F /* CriptoCesarAppTests.swift */,
			);
			path = CriptoCesarAppTests;
			sourceTree = "<group>";
		};
		C0AC0B462908A897008D5D1F /* CriptoCesarAppUITests */ = {
			isa = PBXGroup;
			children = (
				C0AC0B472908A897008D5D1F /* CriptoCesarAppUITests.swift */,
				C0AC0B492908A897008D5D1F /* CriptoCesarAppUITestsLaunchTests.swift */,
			);
			path = CriptoCesarAppUITests;
			sourceTree = "<group>";
		};
		C0AC0B562908A8DB008D5D1F /* Sources */ = {
			isa = PBXGroup;
			children = (
			);
			path = Sources;
			sourceTree = "<group>";
		};
		C0AC0B5F2908A8EC008D5D1F /* Resources */ = {
			isa = PBXGroup;
			children = (
				C0AC0B632908A8EC008D5D1F /* UIComponents */,
				C0AC0B682908A8EC008D5D1F /* Infrastructure */,
				C0AC0B7A2908A8EC008D5D1F /* SceneDelegate.swift */,
			);
			path = Resources;
			sourceTree = "<group>";
		};
		C0AC0B632908A8EC008D5D1F /* UIComponents */ = {
			isa = PBXGroup;
			children = (
				C0AC0B642908A8EC008D5D1F /* EFButton.swift */,
				C0AC0B652908A8EC008D5D1F /* EFTextField.swift */,
				C0AC0B662908A8EC008D5D1F /* String+Ext.swift */,
			);
			path = UIComponents;
			sourceTree = "<group>";
		};
		C0AC0B682908A8EC008D5D1F /* Infrastructure */ = {
			isa = PBXGroup;
			children = (
				C0AC0B562908A8DB008D5D1F /* Sources */,
				C0AC0B262908A896008D5D1F /* AppDelegate.swift */,
				C0AC0B692908A8EC008D5D1F /* Coordinator */,
				C0AC0B6E2908A8EC008D5D1F /* LayoutHelpers */,
				C0AC0B782908A8EC008D5D1F /* CascadeOperator.swift */,
				C0AC0B792908A8EC008D5D1F /* TextField+Ext.swift */,
			);
			path = Infrastructure;
			sourceTree = "<group>";
		};
		C0AC0B692908A8EC008D5D1F /* Coordinator */ = {
			isa = PBXGroup;
			children = (
				C0AC0B6A2908A8EC008D5D1F /* CoordinatorConfiguration.swift */,
				C0AC0B6B2908A8EC008D5D1F /* CoordinatedViewController.swift */,
				C0AC0B6C2908A8EC008D5D1F /* BaseCoordinator.swift */,
				C0AC0B6D2908A8EC008D5D1F /* Coordinator.swift */,
			);
			path = Coordinator;
			sourceTree = "<group>";
		};
		C0AC0B6E2908A8EC008D5D1F /* LayoutHelpers */ = {
			isa = PBXGroup;
			children = (
				C0AC0B6F2908A8EC008D5D1F /* ViewCodeContract.swift */,
				C0AC0B702908A8EC008D5D1F /* UIView+SafeAreaAnchors.swift */,
				C0AC0B712908A8EC008D5D1F /* NSLayoutDimension+Extension.swift */,
				C0AC0B722908A8EC008D5D1F /* AutoLayoutOption.swift */,
				C0AC0B732908A8EC008D5D1F /* UIView+LayoutGuides.swift */,
				C0AC0B742908A8EC008D5D1F /* Padding.swift */,
				C0AC0B752908A8EC008D5D1F /* UIView+RawAnchors.swift */,
				C0AC0B762908A8EC008D5D1F /* ActionTypealias.swift */,
				C0AC0B772908A8EC008D5D1F /* UIView+AxisAttribute.swift */,
			);
			path = LayoutHelpers;
			sourceTree = "<group>";
		};
/* End PBXGroup section */

/* Begin PBXNativeTarget section */
		C0AC0B222908A896008D5D1F /* CriptoCesarApp */ = {
			isa = PBXNativeTarget;
			buildConfigurationList = C0AC0B4D2908A897008D5D1F /* Build configuration list for PBXNativeTarget "CriptoCesarApp" */;
			buildPhases = (
				C0AC0B1F2908A896008D5D1F /* Sources */,
				C0AC0B202908A896008D5D1F /* Frameworks */,
				C0AC0B212908A896008D5D1F /* Resources */,
			);
			buildRules = (
			);
			dependencies = (
			);
			name = CriptoCesarApp;
			productName = CriptoCesarApp;
			productReference = C0AC0B232908A896008D5D1F /* CriptoCesarApp.app */;
			productType = "com.apple.product-type.application";
		};
		C0AC0B382908A897008D5D1F /* CriptoCesarAppTests */ = {
			isa = PBXNativeTarget;
			buildConfigurationList = C0AC0B502908A897008D5D1F /* Build configuration list for PBXNativeTarget "CriptoCesarAppTests" */;
			buildPhases = (
				C0AC0B352908A897008D5D1F /* Sources */,
				C0AC0B362908A897008D5D1F /* Frameworks */,
				C0AC0B372908A897008D5D1F /* Resources */,
			);
			buildRules = (
			);
			dependencies = (
				C0AC0B3B2908A897008D5D1F /* PBXTargetDependency */,
			);
			name = CriptoCesarAppTests;
			productName = CriptoCesarAppTests;
			productReference = C0AC0B392908A897008D5D1F /* CriptoCesarAppTests.xctest */;
			productType = "com.apple.product-type.bundle.unit-test";
		};
		C0AC0B422908A897008D5D1F /* CriptoCesarAppUITests */ = {
			isa = PBXNativeTarget;
			buildConfigurationList = C0AC0B532908A897008D5D1F /* Build configuration list for PBXNativeTarget "CriptoCesarAppUITests" */;
			buildPhases = (
				C0AC0B3F2908A897008D5D1F /* Sources */,
				C0AC0B402908A897008D5D1F /* Frameworks */,
				C0AC0B412908A897008D5D1F /* Resources */,
			);
			buildRules = (
			);
			dependencies = (
				C0AC0B452908A897008D5D1F /* PBXTargetDependency */,
			);
			name = CriptoCesarAppUITests;
			productName = CriptoCesarAppUITests;
			productReference = C0AC0B432908A897008D5D1F /* CriptoCesarAppUITests.xctest */;
			productType = "com.apple.product-type.bundle.ui-testing";
		};
/* End PBXNativeTarget section */

/* Begin PBXProject section */
		C0AC0B1B2908A896008D5D1F /* Project object */ = {
			isa = PBXProject;
			attributes = {
				BuildIndependentTargetsInParallel = 1;
				LastSwiftUpdateCheck = 1400;
				LastUpgradeCheck = 1400;
				TargetAttributes = {
					C0AC0B222908A896008D5D1F = {
						CreatedOnToolsVersion = 14.0;
					};
					C0AC0B382908A897008D5D1F = {
						CreatedOnToolsVersion = 14.0;
						TestTargetID = C0AC0B222908A896008D5D1F;
					};
					C0AC0B422908A897008D5D1F = {
						CreatedOnToolsVersion = 14.0;
						TestTargetID = C0AC0B222908A896008D5D1F;
					};
				};
			};
			buildConfigurationList = C0AC0B1E2908A896008D5D1F /* Build configuration list for PBXProject "CriptoCesarApp" */;
			compatibilityVersion = "Xcode 14.0";
			developmentRegion = en;
			hasScannedForEncodings = 0;
			knownRegions = (
				en,
				Base,
			);
			mainGroup = C0AC0B1A2908A896008D5D1F;
			productRefGroup = C0AC0B242908A896008D5D1F /* Products */;
			projectDirPath = "";
			projectRoot = "";
			targets = (
				C0AC0B222908A896008D5D1F /* CriptoCesarApp */,
				C0AC0B382908A897008D5D1F /* CriptoCesarAppTests */,
				C0AC0B422908A897008D5D1F /* CriptoCesarAppUITests */,
			);
		};
/* End PBXProject section */

/* Begin PBXResourcesBuildPhase section */
		C0AC0B212908A896008D5D1F /* Resources */ = {
			isa = PBXResourcesBuildPhase;
			buildActionMask = 2147483647;
			files = (
				C0AC0B332908A897008D5D1F /* LaunchScreen.storyboard in Resources */,
				C0AC0B302908A897008D5D1F /* Assets.xcassets in Resources */,
				C0AC0B2E2908A896008D5D1F /* Main.storyboard in Resources */,
			);
			runOnlyForDeploymentPostprocessing = 0;
		};
		C0AC0B372908A897008D5D1F /* Resources */ = {
			isa = PBXResourcesBuildPhase;
			buildActionMask = 2147483647;
			files = (
			);
			runOnlyForDeploymentPostprocessing = 0;
		};
		C0AC0B412908A897008D5D1F /* Resources */ = {
			isa = PBXResourcesBuildPhase;
			buildActionMask = 2147483647;
			files = (
			);
			runOnlyForDeploymentPostprocessing = 0;
		};
/* End PBXResourcesBuildPhase section */

/* Begin PBXSourcesBuildPhase section */
		C0AC0B1F2908A896008D5D1F /* Sources */ = {
			isa = PBXSourcesBuildPhase;
			buildActionMask = 2147483647;
			files = (
				C0AC0B8E2908A8EC008D5D1F /* CascadeOperator.swift in Sources */,
				C0AC0B7F2908A8EC008D5D1F /* String+Ext.swift in Sources */,
				C0AC0B862908A8EC008D5D1F /* UIView+SafeAreaAnchors.swift in Sources */,
				C0AC0B822908A8EC008D5D1F /* CoordinatedViewController.swift in Sources */,
				C0AC0B832908A8EC008D5D1F /* BaseCoordinator.swift in Sources */,
				C0AC0B812908A8EC008D5D1F /* CoordinatorConfiguration.swift in Sources */,
				C0AC0B892908A8EC008D5D1F /* UIView+LayoutGuides.swift in Sources */,
				C0AC0B8C2908A8EC008D5D1F /* ActionTypealias.swift in Sources */,
				C0AC0B7E2908A8EC008D5D1F /* EFTextField.swift in Sources */,
				C0AC0B8B2908A8EC008D5D1F /* UIView+RawAnchors.swift in Sources */,
				C0AC0B842908A8EC008D5D1F /* Coordinator.swift in Sources */,
				C0AC0B2B2908A896008D5D1F /* ViewController.swift in Sources */,
				C0AC0B272908A896008D5D1F /* AppDelegate.swift in Sources */,
				C0AC0B8A2908A8EC008D5D1F /* Padding.swift in Sources */,
				C0AC0B7D2908A8EC008D5D1F /* EFButton.swift in Sources */,
				C0AC0B852908A8EC008D5D1F /* ViewCodeContract.swift in Sources */,
				C0AC0B872908A8EC008D5D1F /* NSLayoutDimension+Extension.swift in Sources */,
				C0AC0B8D2908A8EC008D5D1F /* UIView+AxisAttribute.swift in Sources */,
				C0AC0B902908A8EC008D5D1F /* SceneDelegate.swift in Sources */,
				C0AC0B8F2908A8EC008D5D1F /* TextField+Ext.swift in Sources */,
				C0AC0B882908A8EC008D5D1F /* AutoLayoutOption.swift in Sources */,
			);
			runOnlyForDeploymentPostprocessing = 0;
		};
		C0AC0B352908A897008D5D1F /* Sources */ = {
			isa = PBXSourcesBuildPhase;
			buildActionMask = 2147483647;
			files = (
				C0AC0B3E2908A897008D5D1F /* CriptoCesarAppTests.swift in Sources */,
			);
			runOnlyForDeploymentPostprocessing = 0;
		};
		C0AC0B3F2908A897008D5D1F /* Sources */ = {
			isa = PBXSourcesBuildPhase;
			buildActionMask = 2147483647;
			files = (
				C0AC0B4A2908A897008D5D1F /* CriptoCesarAppUITestsLaunchTests.swift in Sources */,
				C0AC0B482908A897008D5D1F /* CriptoCesarAppUITests.swift in Sources */,
			);
			runOnlyForDeploymentPostprocessing = 0;
		};
/* End PBXSourcesBuildPhase section */

/* Begin PBXTargetDependency section */
		C0AC0B3B2908A897008D5D1F /* PBXTargetDependency */ = {
			isa = PBXTargetDependency;
			target = C0AC0B222908A896008D5D1F /* CriptoCesarApp */;
			targetProxy = C0AC0B3A2908A897008D5D1F /* PBXContainerItemProxy */;
		};
		C0AC0B452908A897008D5D1F /* PBXTargetDependency */ = {
			isa = PBXTargetDependency;
			target = C0AC0B222908A896008D5D1F /* CriptoCesarApp */;
			targetProxy = C0AC0B442908A897008D5D1F /* PBXContainerItemProxy */;
		};
/* End PBXTargetDependency section */

/* Begin PBXVariantGroup section */
		C0AC0B2C2908A896008D5D1F /* Main.storyboard */ = {
			isa = PBXVariantGroup;
			children = (
				C0AC0B2D2908A896008D5D1F /* Base */,
			);
			name = Main.storyboard;
			sourceTree = "<group>";
		};
		C0AC0B312908A897008D5D1F /* LaunchScreen.storyboard */ = {
			isa = PBXVariantGroup;
			children = (
				C0AC0B322908A897008D5D1F /* Base */,
			);
			name = LaunchScreen.storyboard;
			sourceTree = "<group>";
		};
/* End PBXVariantGroup section */

/* Begin XCBuildConfiguration section */
		C0AC0B4B2908A897008D5D1F /* Debug */ = {
			isa = XCBuildConfiguration;
			buildSettings = {
				ALWAYS_SEARCH_USER_PATHS = NO;
				CLANG_ANALYZER_NONNULL = YES;
				CLANG_ANALYZER_NUMBER_OBJECT_CONVERSION = YES_AGGRESSIVE;
				CLANG_CXX_LANGUAGE_STANDARD = "gnu++20";
				CLANG_ENABLE_MODULES = YES;
				CLANG_ENABLE_OBJC_ARC = YES;
				CLANG_ENABLE_OBJC_WEAK = YES;
				CLANG_WARN_BLOCK_CAPTURE_AUTORELEASING = YES;
				CLANG_WARN_BOOL_CONVERSION = YES;
				CLANG_WARN_COMMA = YES;
				CLANG_WARN_CONSTANT_CONVERSION = YES;
				CLANG_WARN_DEPRECATED_OBJC_IMPLEMENTATIONS = YES;
				CLANG_WARN_DIRECT_OBJC_ISA_USAGE = YES_ERROR;
				CLANG_WARN_DOCUMENTATION_COMMENTS = YES;
				CLANG_WARN_EMPTY_BODY = YES;
				CLANG_WARN_ENUM_CONVERSION = YES;
				CLANG_WARN_INFINITE_RECURSION = YES;
				CLANG_WARN_INT_CONVERSION = YES;
				CLANG_WARN_NON_LITERAL_NULL_CONVERSION = YES;
				CLANG_WARN_OBJC_IMPLICIT_RETAIN_SELF = YES;
				CLANG_WARN_OBJC_LITERAL_CONVERSION = YES;
				CLANG_WARN_OBJC_ROOT_CLASS = YES_ERROR;
				CLANG_WARN_QUOTED_INCLUDE_IN_FRAMEWORK_HEADER = YES;
				CLANG_WARN_RANGE_LOOP_ANALYSIS = YES;
				CLANG_WARN_STRICT_PROTOTYPES = YES;
				CLANG_WARN_SUSPICIOUS_MOVE = YES;
				CLANG_WARN_UNGUARDED_AVAILABILITY = YES_AGGRESSIVE;
				CLANG_WARN_UNREACHABLE_CODE = YES;
				CLANG_WARN__DUPLICATE_METHOD_MATCH = YES;
				COPY_PHASE_STRIP = NO;
				DEBUG_INFORMATION_FORMAT = dwarf;
				ENABLE_STRICT_OBJC_MSGSEND = YES;
				ENABLE_TESTABILITY = YES;
				GCC_C_LANGUAGE_STANDARD = gnu11;
				GCC_DYNAMIC_NO_PIC = NO;
				GCC_NO_COMMON_BLOCKS = YES;
				GCC_OPTIMIZATION_LEVEL = 0;
				GCC_PREPROCESSOR_DEFINITIONS = (
					"DEBUG=1",
					"$(inherited)",
				);
				GCC_WARN_64_TO_32_BIT_CONVERSION = YES;
				GCC_WARN_ABOUT_RETURN_TYPE = YES_ERROR;
				GCC_WARN_UNDECLARED_SELECTOR = YES;
				GCC_WARN_UNINITIALIZED_AUTOS = YES_AGGRESSIVE;
				GCC_WARN_UNUSED_FUNCTION = YES;
				GCC_WARN_UNUSED_VARIABLE = YES;
				IPHONEOS_DEPLOYMENT_TARGET = 14.0;
				MTL_ENABLE_DEBUG_INFO = INCLUDE_SOURCE;
				MTL_FAST_MATH = YES;
				ONLY_ACTIVE_ARCH = YES;
				SDKROOT = iphoneos;
				SWIFT_ACTIVE_COMPILATION_CONDITIONS = DEBUG;
				SWIFT_OPTIMIZATION_LEVEL = "-Onone";
			};
			name = Debug;
		};
		C0AC0B4C2908A897008D5D1F /* Release */ = {
			isa = XCBuildConfiguration;
			buildSettings = {
				ALWAYS_SEARCH_USER_PATHS = NO;
				CLANG_ANALYZER_NONNULL = YES;
				CLANG_ANALYZER_NUMBER_OBJECT_CONVERSION = YES_AGGRESSIVE;
				CLANG_CXX_LANGUAGE_STANDARD = "gnu++20";
				CLANG_ENABLE_MODULES = YES;
				CLANG_ENABLE_OBJC_ARC = YES;
				CLANG_ENABLE_OBJC_WEAK = YES;
				CLANG_WARN_BLOCK_CAPTURE_AUTORELEASING = YES;
				CLANG_WARN_BOOL_CONVERSION = YES;
				CLANG_WARN_COMMA = YES;
				CLANG_WARN_CONSTANT_CONVERSION = YES;
				CLANG_WARN_DEPRECATED_OBJC_IMPLEMENTATIONS = YES;
				CLANG_WARN_DIRECT_OBJC_ISA_USAGE = YES_ERROR;
				CLANG_WARN_DOCUMENTATION_COMMENTS = YES;
				CLANG_WARN_EMPTY_BODY = YES;
				CLANG_WARN_ENUM_CONVERSION = YES;
				CLANG_WARN_INFINITE_RECURSION = YES;
				CLANG_WARN_INT_CONVERSION = YES;
				CLANG_WARN_NON_LITERAL_NULL_CONVERSION = YES;
				CLANG_WARN_OBJC_IMPLICIT_RETAIN_SELF = YES;
				CLANG_WARN_OBJC_LITERAL_CONVERSION = YES;
				CLANG_WARN_OBJC_ROOT_CLASS = YES_ERROR;
				CLANG_WARN_QUOTED_INCLUDE_IN_FRAMEWORK_HEADER = YES;
				CLANG_WARN_RANGE_LOOP_ANALYSIS = YES;
				CLANG_WARN_STRICT_PROTOTYPES = YES;
				CLANG_WARN_SUSPICIOUS_MOVE = YES;
				CLANG_WARN_UNGUARDED_AVAILABILITY = YES_AGGRESSIVE;
				CLANG_WARN_UNREACHABLE_CODE = YES;
				CLANG_WARN__DUPLICATE_METHOD_MATCH = YES;
				COPY_PHASE_STRIP = NO;
				DEBUG_INFORMATION_FORMAT = "dwarf-with-dsym";
				ENABLE_NS_ASSERTIONS = NO;
				ENABLE_STRICT_OBJC_MSGSEND = YES;
				GCC_C_LANGUAGE_STANDARD = gnu11;
				GCC_NO_COMMON_BLOCKS = YES;
				GCC_WARN_64_TO_32_BIT_CONVERSION = YES;
				GCC_WARN_ABOUT_RETURN_TYPE = YES_ERROR;
				GCC_WARN_UNDECLARED_SELECTOR = YES;
				GCC_WARN_UNINITIALIZED_AUTOS = YES_AGGRESSIVE;
				GCC_WARN_UNUSED_FUNCTION = YES;
				GCC_WARN_UNUSED_VARIABLE = YES;
				IPHONEOS_DEPLOYMENT_TARGET = 14.0;
				MTL_ENABLE_DEBUG_INFO = NO;
				MTL_FAST_MATH = YES;
				SDKROOT = iphoneos;
				SWIFT_COMPILATION_MODE = wholemodule;
				SWIFT_OPTIMIZATION_LEVEL = "-O";
				VALIDATE_PRODUCT = YES;
			};
			name = Release;
		};
		C0AC0B4E2908A897008D5D1F /* Debug */ = {
			isa = XCBuildConfiguration;
			buildSettings = {
				ASSETCATALOG_COMPILER_APPICON_NAME = AppIcon;
				ASSETCATALOG_COMPILER_GLOBAL_ACCENT_COLOR_NAME = AccentColor;
				CODE_SIGN_STYLE = Automatic;
				CURRENT_PROJECT_VERSION = 1;
				DEVELOPMENT_TEAM = B26UWH9L8Q;
				GENERATE_INFOPLIST_FILE = YES;
				INFOPLIST_FILE = CriptoCesarApp/Info.plist;
				INFOPLIST_KEY_UIApplicationSupportsIndirectInputEvents = YES;
				INFOPLIST_KEY_UILaunchStoryboardName = LaunchScreen;
				INFOPLIST_KEY_UIMainStoryboardFile = Main;
				INFOPLIST_KEY_UISupportedInterfaceOrientations_iPad = "UIInterfaceOrientationPortrait UIInterfaceOrientationPortraitUpsideDown UIInterfaceOrientationLandscapeLeft UIInterfaceOrientationLandscapeRight";
				INFOPLIST_KEY_UISupportedInterfaceOrientations_iPhone = "UIInterfaceOrientationPortrait UIInterfaceOrientationLandscapeLeft UIInterfaceOrientationLandscapeRight";
				IPHONEOS_DEPLOYMENT_TARGET = 14.0;
				LD_RUNPATH_SEARCH_PATHS = (
					"$(inherited)",
					"@executable_path/Frameworks",
				);
				MARKETING_VERSION = 1.0;
				PRODUCT_BUNDLE_IDENTIFIER = leojportes.CriptoCesarApp;
				PRODUCT_NAME = "$(TARGET_NAME)";
				SUPPORTED_PLATFORMS = "iphoneos iphonesimulator";
				SUPPORTS_MACCATALYST = NO;
				SUPPORTS_MAC_DESIGNED_FOR_IPHONE_IPAD = NO;
				SWIFT_EMIT_LOC_STRINGS = YES;
				SWIFT_VERSION = 5.0;
				TARGETED_DEVICE_FAMILY = 1;
			};
			name = Debug;
		};
		C0AC0B4F2908A897008D5D1F /* Release */ = {
			isa = XCBuildConfiguration;
			buildSettings = {
				ASSETCATALOG_COMPILER_APPICON_NAME = AppIcon;
				ASSETCATALOG_COMPILER_GLOBAL_ACCENT_COLOR_NAME = AccentColor;
				CODE_SIGN_STYLE = Automatic;
				CURRENT_PROJECT_VERSION = 1;
				DEVELOPMENT_TEAM = B26UWH9L8Q;
				GENERATE_INFOPLIST_FILE = YES;
				INFOPLIST_FILE = CriptoCesarApp/Info.plist;
				INFOPLIST_KEY_UIApplicationSupportsIndirectInputEvents = YES;
				INFOPLIST_KEY_UILaunchStoryboardName = LaunchScreen;
				INFOPLIST_KEY_UIMainStoryboardFile = Main;
				INFOPLIST_KEY_UISupportedInterfaceOrientations_iPad = "UIInterfaceOrientationPortrait UIInterfaceOrientationPortraitUpsideDown UIInterfaceOrientationLandscapeLeft UIInterfaceOrientationLandscapeRight";
				INFOPLIST_KEY_UISupportedInterfaceOrientations_iPhone = "UIInterfaceOrientationPortrait UIInterfaceOrientationLandscapeLeft UIInterfaceOrientationLandscapeRight";
				IPHONEOS_DEPLOYMENT_TARGET = 14.0;
				LD_RUNPATH_SEARCH_PATHS = (
					"$(inherited)",
					"@executable_path/Frameworks",
				);
				MARKETING_VERSION = 1.0;
				PRODUCT_BUNDLE_IDENTIFIER = leojportes.CriptoCesarApp;
				PRODUCT_NAME = "$(TARGET_NAME)";
				SUPPORTED_PLATFORMS = "iphoneos iphonesimulator";
				SUPPORTS_MACCATALYST = NO;
				SUPPORTS_MAC_DESIGNED_FOR_IPHONE_IPAD = NO;
				SWIFT_EMIT_LOC_STRINGS = YES;
				SWIFT_VERSION = 5.0;
				TARGETED_DEVICE_FAMILY = 1;
			};
			name = Release;
		};
		C0AC0B512908A897008D5D1F /* Debug */ = {
			isa = XCBuildConfiguration;
			buildSettings = {
				ALWAYS_EMBED_SWIFT_STANDARD_LIBRARIES = YES;
				BUNDLE_LOADER = "$(TEST_HOST)";
				CODE_SIGN_STYLE = Automatic;
				CURRENT_PROJECT_VERSION = 1;
				DEVELOPMENT_TEAM = B26UWH9L8Q;
				GENERATE_INFOPLIST_FILE = YES;
				IPHONEOS_DEPLOYMENT_TARGET = 16.0;
				MARKETING_VERSION = 1.0;
				PRODUCT_BUNDLE_IDENTIFIER = leojportes.CriptoCesarAppTests;
				PRODUCT_NAME = "$(TARGET_NAME)";
				SWIFT_EMIT_LOC_STRINGS = NO;
				SWIFT_VERSION = 5.0;
				TARGETED_DEVICE_FAMILY = "1,2";
				TEST_HOST = "$(BUILT_PRODUCTS_DIR)/CriptoCesarApp.app/$(BUNDLE_EXECUTABLE_FOLDER_PATH)/CriptoCesarApp";
			};
			name = Debug;
		};
		C0AC0B522908A897008D5D1F /* Release */ = {
			isa = XCBuildConfiguration;
			buildSettings = {
				ALWAYS_EMBED_SWIFT_STANDARD_LIBRARIES = YES;
				BUNDLE_LOADER = "$(TEST_HOST)";
				CODE_SIGN_STYLE = Automatic;
				CURRENT_PROJECT_VERSION = 1;
				DEVELOPMENT_TEAM = B26UWH9L8Q;
				GENERATE_INFOPLIST_FILE = YES;
				IPHONEOS_DEPLOYMENT_TARGET = 16.0;
				MARKETING_VERSION = 1.0;
				PRODUCT_BUNDLE_IDENTIFIER = leojportes.CriptoCesarAppTests;
				PRODUCT_NAME = "$(TARGET_NAME)";
				SWIFT_EMIT_LOC_STRINGS = NO;
				SWIFT_VERSION = 5.0;
				TARGETED_DEVICE_FAMILY = "1,2";
				TEST_HOST = "$(BUILT_PRODUCTS_DIR)/CriptoCesarApp.app/$(BUNDLE_EXECUTABLE_FOLDER_PATH)/CriptoCesarApp";
			};
			name = Release;
		};
		C0AC0B542908A897008D5D1F /* Debug */ = {
			isa = XCBuildConfiguration;
			buildSettings = {
				ALWAYS_EMBED_SWIFT_STANDARD_LIBRARIES = YES;
				CODE_SIGN_STYLE = Automatic;
				CURRENT_PROJECT_VERSION = 1;
				DEVELOPMENT_TEAM = B26UWH9L8Q;
				GENERATE_INFOPLIST_FILE = YES;
				MARKETING_VERSION = 1.0;
				PRODUCT_BUNDLE_IDENTIFIER = leojportes.CriptoCesarAppUITests;
				PRODUCT_NAME = "$(TARGET_NAME)";
				SWIFT_EMIT_LOC_STRINGS = NO;
				SWIFT_VERSION = 5.0;
				TARGETED_DEVICE_FAMILY = "1,2";
				TEST_TARGET_NAME = CriptoCesarApp;
			};
			name = Debug;
		};
		C0AC0B552908A897008D5D1F /* Release */ = {
			isa = XCBuildConfiguration;
			buildSettings = {
				ALWAYS_EMBED_SWIFT_STANDARD_LIBRARIES = YES;
				CODE_SIGN_STYLE = Automatic;
				CURRENT_PROJECT_VERSION = 1;
				DEVELOPMENT_TEAM = B26UWH9L8Q;
				GENERATE_INFOPLIST_FILE = YES;
				MARKETING_VERSION = 1.0;
				PRODUCT_BUNDLE_IDENTIFIER = leojportes.CriptoCesarAppUITests;
				PRODUCT_NAME = "$(TARGET_NAME)";
				SWIFT_EMIT_LOC_STRINGS = NO;
				SWIFT_VERSION = 5.0;
				TARGETED_DEVICE_FAMILY = "1,2";
				TEST_TARGET_NAME = CriptoCesarApp;
			};
			name = Release;
		};
/* End XCBuildConfiguration section */

/* Begin XCConfigurationList section */
		C0AC0B1E2908A896008D5D1F /* Build configuration list for PBXProject "CriptoCesarApp" */ = {
			isa = XCConfigurationList;
			buildConfigurations = (
				C0AC0B4B2908A897008D5D1F /* Debug */,
				C0AC0B4C2908A897008D5D1F /* Release */,
			);
			defaultConfigurationIsVisible = 0;
			defaultConfigurationName = Release;
		};
		C0AC0B4D2908A897008D5D1F /* Build configuration list for PBXNativeTarget "CriptoCesarApp" */ = {
			isa = XCConfigurationList;
			buildConfigurations = (
				C0AC0B4E2908A897008D5D1F /* Debug */,
				C0AC0B4F2908A897008D5D1F /* Release */,
			);
			defaultConfigurationIsVisible = 0;
			defaultConfigurationName = Release;
		};
		C0AC0B502908A897008D5D1F /* Build configuration list for PBXNativeTarget "CriptoCesarAppTests" */ = {
			isa = XCConfigurationList;
			buildConfigurations = (
				C0AC0B512908A897008D5D1F /* Debug */,
				C0AC0B522908A897008D5D1F /* Release */,
			);
			defaultConfigurationIsVisible = 0;
			defaultConfigurationName = Release;
		};
		C0AC0B532908A897008D5D1F /* Build configuration list for PBXNativeTarget "CriptoCesarAppUITests" */ = {
			isa = XCConfigurationList;
			buildConfigurations = (
				C0AC0B542908A897008D5D1F /* Debug */,
				C0AC0B552908A897008D5D1F /* Release */,
			);
			defaultConfigurationIsVisible = 0;
			defaultConfigurationName = Release;
		};
/* End XCConfigurationList section */
	};
	rootObject = C0AC0B1B2908A896008D5D1F /* Project object */;
}
